// !$*UTF8*$!
{
	archiveVersion = 1;
	classes = {
	};
	objectVersion = 50;
	objects = {

/* Begin PBXBuildFile section */
		C93E0D1F24DAF9B400194EA3 /* AppDelegate.swift in Sources */ = {isa = PBXBuildFile; fileRef = C93E0D1D24DAF9B400194EA3 /* AppDelegate.swift */; };
		C93E0D2024DAF9B400194EA3 /* SceneDelegate.swift in Sources */ = {isa = PBXBuildFile; fileRef = C93E0D1E24DAF9B400194EA3 /* SceneDelegate.swift */; };
		C93E0D2224DAF9C400194EA3 /* ViewController.swift in Sources */ = {isa = PBXBuildFile; fileRef = C93E0D2124DAF9C400194EA3 /* ViewController.swift */; };
		C9A7A55524DAF7FA00282729 /* Main.storyboard in Resources */ = {isa = PBXBuildFile; fileRef = C9A7A55324DAF7FA00282729 /* Main.storyboard */; };
		C9A7A55724DAF7FB00282729 /* Assets.xcassets in Resources */ = {isa = PBXBuildFile; fileRef = C9A7A55624DAF7FB00282729 /* Assets.xcassets */; };
		C9A7A55A24DAF7FB00282729 /* LaunchScreen.storyboard in Resources */ = {isa = PBXBuildFile; fileRef = C9A7A55824DAF7FB00282729 /* LaunchScreen.storyboard */; };
/* End PBXBuildFile section */

/* Begin PBXFileReference section */
		C93E0D1D24DAF9B400194EA3 /* AppDelegate.swift */ = {isa = PBXFileReference; fileEncoding = 4; lastKnownFileType = sourcecode.swift; path = AppDelegate.swift; sourceTree = "<group>"; };
		C93E0D1E24DAF9B400194EA3 /* SceneDelegate.swift */ = {isa = PBXFileReference; fileEncoding = 4; lastKnownFileType = sourcecode.swift; path = SceneDelegate.swift; sourceTree = "<group>"; };
		C93E0D2124DAF9C400194EA3 /* ViewController.swift */ = {isa = PBXFileReference; fileEncoding = 4; lastKnownFileType = sourcecode.swift; path = ViewController.swift; sourceTree = "<group>"; };
		C9A7A54A24DAF7FA00282729 /* AnimationFactory.app */ = {isa = PBXFileReference; explicitFileType = wrapper.application; includeInIndex = 0; path = AnimationFactory.app; sourceTree = BUILT_PRODUCTS_DIR; };
		C9A7A55424DAF7FA00282729 /* Base */ = {isa = PBXFileReference; lastKnownFileType = file.storyboard; name = Base; path = Base.lproj/Main.storyboard; sourceTree = "<group>"; };
		C9A7A55624DAF7FB00282729 /* Assets.xcassets */ = {isa = PBXFileReference; lastKnownFileType = folder.assetcatalog; path = Assets.xcassets; sourceTree = "<group>"; };
		C9A7A55924DAF7FB00282729 /* Base */ = {isa = PBXFileReference; lastKnownFileType = file.storyboard; name = Base; path = Base.lproj/LaunchScreen.storyboard; sourceTree = "<group>"; };
		C9A7A55B24DAF7FB00282729 /* Info.plist */ = {isa = PBXFileReference; lastKnownFileType = text.plist.xml; name = Info.plist; path = ../Info.plist; sourceTree = "<group>"; };
/* End PBXFileReference section */

/* Begin PBXFrameworksBuildPhase section */
		C9A7A54724DAF7FA00282729 /* Frameworks */ = {
			isa = PBXFrameworksBuildPhase;
			buildActionMask = 2147483647;
			files = (
			);
			runOnlyForDeploymentPostprocessing = 0;
		};
/* End PBXFrameworksBuildPhase section */

/* Begin PBXGroup section */
		C9A7A54124DAF7FA00282729 = {
			isa = PBXGroup;
			children = (
				C9A7A54C24DAF7FA00282729 /* AnimationFactory */,
				C9A7A54B24DAF7FA00282729 /* Products */,
			);
			sourceTree = "<group>";
		};
		C9A7A54B24DAF7FA00282729 /* Products */ = {
			isa = PBXGroup;
			children = (
				C9A7A54A24DAF7FA00282729 /* AnimationFactory.app */,
			);
			name = Products;
			sourceTree = "<group>";
		};
		C9A7A54C24DAF7FA00282729 /* AnimationFactory */ = {
			isa = PBXGroup;
			children = (
				C9A7A56124DAF8BC00282729 /* Supporting files */,
				C9A7A56224DAF8CB00282729 /* Views */,
				C9A7A56324DAF8D000282729 /* Controllers */,
				C9A7A56424DAF8D800282729 /* Resources */,
			);
			path = AnimationFactory;
			sourceTree = "<group>";
		};
		C9A7A56124DAF8BC00282729 /* Supporting files */ = {
			isa = PBXGroup;
			children = (
				C9A7A55B24DAF7FB00282729 /* Info.plist */,
				C93E0D1D24DAF9B400194EA3 /* AppDelegate.swift */,
				C93E0D1E24DAF9B400194EA3 /* SceneDelegate.swift */,
			);
			path = "Supporting files";
			sourceTree = "<group>";
		};
		C9A7A56224DAF8CB00282729 /* Views */ = {
			isa = PBXGroup;
			children = (
				C9A7A55324DAF7FA00282729 /* Main.storyboard */,
				C9A7A55824DAF7FB00282729 /* LaunchScreen.storyboard */,
			);
			path = Views;
			sourceTree = "<group>";
		};
		C9A7A56324DAF8D000282729 /* Controllers */ = {
			isa = PBXGroup;
			children = (
				C93E0D2124DAF9C400194EA3 /* ViewController.swift */,
			);
			path = Controllers;
			sourceTree = "<group>";
		};
		C9A7A56424DAF8D800282729 /* Resources */ = {
			isa = PBXGroup;
			children = (
				C9A7A55624DAF7FB00282729 /* Assets.xcassets */,
			);
			path = Resources;
			sourceTree = "<group>";
		};
/* End PBXGroup section */

/* Begin PBXNativeTarget section */
		C9A7A54924DAF7FA00282729 /* AnimationFactory */ = {
			isa = PBXNativeTarget;
			buildConfigurationList = C9A7A55E24DAF7FB00282729 /* Build configuration list for PBXNativeTarget "AnimationFactory" */;
			buildPhases = (
				C9A7A54624DAF7FA00282729 /* Sources */,
				C9A7A54724DAF7FA00282729 /* Frameworks */,
				C9A7A54824DAF7FA00282729 /* Resources */,
			);
			buildRules = (
			);
			dependencies = (
			);
			name = AnimationFactory;
			productName = AnimationFactory;
			productReference = C9A7A54A24DAF7FA00282729 /* AnimationFactory.app */;
			productType = "com.apple.product-type.application";
		};
/* End PBXNativeTarget section */

/* Begin PBXProject section */
		C9A7A54224DAF7FA00282729 /* Project object */ = {
			isa = PBXProject;
			attributes = {
				LastSwiftUpdateCheck = 1160;
				LastUpgradeCheck = 1160;
				ORGANIZATIONNAME = BEstelrich;
				TargetAttributes = {
					C9A7A54924DAF7FA00282729 = {
						CreatedOnToolsVersion = 11.6;
					};
				};
			};
			buildConfigurationList = C9A7A54524DAF7FA00282729 /* Build configuration list for PBXProject "AnimationFactory" */;
			compatibilityVersion = "Xcode 9.3";
			developmentRegion = en;
			hasScannedForEncodings = 0;
			knownRegions = (
				en,
				Base,
			);
			mainGroup = C9A7A54124DAF7FA00282729;
			productRefGroup = C9A7A54B24DAF7FA00282729 /* Products */;
			projectDirPath = "";
			projectRoot = "";
			targets = (
				C9A7A54924DAF7FA00282729 /* AnimationFactory */,
			);
		};
/* End PBXProject section */

/* Begin PBXResourcesBuildPhase section */
		C9A7A54824DAF7FA00282729 /* Resources */ = {
			isa = PBXResourcesBuildPhase;
			buildActionMask = 2147483647;
			files = (
				C9A7A55A24DAF7FB00282729 /* LaunchScreen.storyboard in Resources */,
				C9A7A55724DAF7FB00282729 /* Assets.xcassets in Resources */,
				C9A7A55524DAF7FA00282729 /* Main.storyboard in Resources */,
			);
			runOnlyForDeploymentPostprocessing = 0;
		};
/* End PBXResourcesBuildPhase section */

/* Begin PBXSourcesBuildPhase section */
		C9A7A54624DAF7FA00282729 /* Sources */ = {
			isa = PBXSourcesBuildPhase;
			buildActionMask = 2147483647;
			files = (
				C93E0D2224DAF9C400194EA3 /* ViewController.swift in Sources */,
				C93E0D1F24DAF9B400194EA3 /* AppDelegate.swift in Sources */,
				C93E0D2024DAF9B400194EA3 /* SceneDelegate.swift in Sources */,
			);
			runOnlyForDeploymentPostprocessing = 0;
		};
/* End PBXSourcesBuildPhase section */

/* Begin PBXVariantGroup section */
		C9A7A55324DAF7FA00282729 /* Main.storyboard */ = {
			isa = PBXVariantGroup;
			children = (
				C9A7A55424DAF7FA00282729 /* Base */,
			);
			name = Main.storyboard;
			sourceTree = "<group>";
		};
		C9A7A55824DAF7FB00282729 /* LaunchScreen.storyboard */ = {
			isa = PBXVariantGroup;
			children = (
				C9A7A55924DAF7FB00282729 /* Base */,
			);
			name = LaunchScreen.storyboard;
			sourceTree = "<group>";
		};
/* End PBXVariantGroup section */

/* Begin XCBuildConfiguration section */
		C9A7A55C24DAF7FB00282729 /* Debug */ = {
			isa = XCBuildConfiguration;
			buildSettings = {
				ALWAYS_SEARCH_USER_PATHS = NO;
				CLANG_ANALYZER_NONNULL = YES;
				CLANG_ANALYZER_NUMBER_OBJECT_CONVERSION = YES_AGGRESSIVE;
				CLANG_CXX_LANGUAGE_STANDARD = "gnu++14";
				CLANG_CXX_LIBRARY = "libc++";
				CLANG_ENABLE_MODULES = YES;
				CLANG_ENABLE_OBJC_ARC = YES;
				CLANG_ENABLE_OBJC_WEAK = YES;
				CLANG_WARN_BLOCK_CAPTURE_AUTORELEASING = YES;
				CLANG_WARN_BOOL_CONVERSION = YES;
				CLANG_WARN_COMMA = YES;
				CLANG_WARN_CONSTANT_CONVERSION = YES;
				CLANG_WARN_DEPRECATED_OBJC_IMPLEMENTATIONS = YES;
				CLANG_WARN_DIRECT_OBJC_ISA_USAGE = YES_ERROR;
				CLANG_WARN_DOCUMENTATION_COMMENTS = YES;
				CLANG_WARN_EMPTY_BODY = YES;
				CLANG_WARN_ENUM_CONVERSION = YES;
				CLANG_WARN_INFINITE_RECURSION = YES;
				CLANG_WARN_INT_CONVERSION = YES;
				CLANG_WARN_NON_LITERAL_NULL_CONVERSION = YES;
				CLANG_WARN_OBJC_IMPLICIT_RETAIN_SELF = YES;
				CLANG_WARN_OBJC_LITERAL_CONVERSION = YES;
				CLANG_WARN_OBJC_ROOT_CLASS = YES_ERROR;
				CLANG_WARN_RANGE_LOOP_ANALYSIS = YES;
				CLANG_WARN_STRICT_PROTOTYPES = YES;
				CLANG_WARN_SUSPICIOUS_MOVE = YES;
				CLANG_WARN_UNGUARDED_AVAILABILITY = YES_AGGRESSIVE;
				CLANG_WARN_UNREACHABLE_CODE = YES;
				CLANG_WARN__DUPLICATE_METHOD_MATCH = YES;
				COPY_PHASE_STRIP = NO;
				DEBUG_INFORMATION_FORMAT = dwarf;
				ENABLE_STRICT_OBJC_MSGSEND = YES;
				ENABLE_TESTABILITY = YES;
				GCC_C_LANGUAGE_STANDARD = gnu11;
				GCC_DYNAMIC_NO_PIC = NO;
				GCC_NO_COMMON_BLOCKS = YES;
				GCC_OPTIMIZATION_LEVEL = 0;
				GCC_PREPROCESSOR_DEFINITIONS = (
					"DEBUG=1",
					"$(inherited)",
				);
				GCC_WARN_64_TO_32_BIT_CONVERSION = YES;
				GCC_WARN_ABOUT_RETURN_TYPE = YES_ERROR;
				GCC_WARN_UNDECLARED_SELECTOR = YES;
				GCC_WARN_UNINITIALIZED_AUTOS = YES_AGGRESSIVE;
				GCC_WARN_UNUSED_FUNCTION = YES;
				GCC_WARN_UNUSED_VARIABLE = YES;
				IPHONEOS_DEPLOYMENT_TARGET = 13.6;
				MTL_ENABLE_DEBUG_INFO = INCLUDE_SOURCE;
				MTL_FAST_MATH = YES;
				ONLY_ACTIVE_ARCH = YES;
				SDKROOT = iphoneos;
				SWIFT_ACTIVE_COMPILATION_CONDITIONS = DEBUG;
				SWIFT_OPTIMIZATION_LEVEL = "-Onone";
			};
			name = Debug;
		};
		C9A7A55D24DAF7FB00282729 /* Release */ = {
			isa = XCBuildConfiguration;
			buildSettings = {
				ALWAYS_SEARCH_USER_PATHS = NO;
				CLANG_ANALYZER_NONNULL = YES;
				CLANG_ANALYZER_NUMBER_OBJECT_CONVERSION = YES_AGGRESSIVE;
				CLANG_CXX_LANGUAGE_STANDARD = "gnu++14";
				CLANG_CXX_LIBRARY = "libc++";
				CLANG_ENABLE_MODULES = YES;
				CLANG_ENABLE_OBJC_ARC = YES;
				CLANG_ENABLE_OBJC_WEAK = YES;
				CLANG_WARN_BLOCK_CAPTURE_AUTORELEASING = YES;
				CLANG_WARN_BOOL_CONVERSION = YES;
				CLANG_WARN_COMMA = YES;
				CLANG_WARN_CONSTANT_CONVERSION = YES;
				CLANG_WARN_DEPRECATED_OBJC_IMPLEMENTATIONS = YES;
				CLANG_WARN_DIRECT_OBJC_ISA_USAGE = YES_ERROR;
				CLANG_WARN_DOCUMENTATION_COMMENTS = YES;
				CLANG_WARN_EMPTY_BODY = YES;
				CLANG_WARN_ENUM_CONVERSION = YES;
				CLANG_WARN_INFINITE_RECURSION = YES;
				CLANG_WARN_INT_CONVERSION = YES;
				CLANG_WARN_NON_LITERAL_NULL_CONVERSION = YES;
				CLANG_WARN_OBJC_IMPLICIT_RETAIN_SELF = YES;
				CLANG_WARN_OBJC_LITERAL_CONVERSION = YES;
				CLANG_WARN_OBJC_ROOT_CLASS = YES_ERROR;
				CLANG_WARN_RANGE_LOOP_ANALYSIS = YES;
				CLANG_WARN_STRICT_PROTOTYPES = YES;
				CLANG_WARN_SUSPICIOUS_MOVE = YES;
				CLANG_WARN_UNGUARDED_AVAILABILITY = YES_AGGRESSIVE;
				CLANG_WARN_UNREACHABLE_CODE = YES;
				CLANG_WARN__DUPLICATE_METHOD_MATCH = YES;
				COPY_PHASE_STRIP = NO;
				DEBUG_INFORMATION_FORMAT = "dwarf-with-dsym";
				ENABLE_NS_ASSERTIONS = NO;
				ENABLE_STRICT_OBJC_MSGSEND = YES;
				GCC_C_LANGUAGE_STANDARD = gnu11;
				GCC_NO_COMMON_BLOCKS = YES;
				GCC_WARN_64_TO_32_BIT_CONVERSION = YES;
				GCC_WARN_ABOUT_RETURN_TYPE = YES_ERROR;
				GCC_WARN_UNDECLARED_SELECTOR = YES;
				GCC_WARN_UNINITIALIZED_AUTOS = YES_AGGRESSIVE;
				GCC_WARN_UNUSED_FUNCTION = YES;
				GCC_WARN_UNUSED_VARIABLE = YES;
				IPHONEOS_DEPLOYMENT_TARGET = 13.6;
				MTL_ENABLE_DEBUG_INFO = NO;
				MTL_FAST_MATH = YES;
				SDKROOT = iphoneos;
				SWIFT_COMPILATION_MODE = wholemodule;
				SWIFT_OPTIMIZATION_LEVEL = "-O";
				VALIDATE_PRODUCT = YES;
			};
			name = Release;
		};
		C9A7A55F24DAF7FB00282729 /* Debug */ = {
			isa = XCBuildConfiguration;
			buildSettings = {
				ASSETCATALOG_COMPILER_APPICON_NAME = AppIcon;
				CODE_SIGN_STYLE = Automatic;
				INFOPLIST_FILE = "AnimationFactory/Supporting files/Info.plist";
				LD_RUNPATH_SEARCH_PATHS = (
					"$(inherited)",
					"@executable_path/Frameworks",
				);
				PRODUCT_BUNDLE_IDENTIFIER = com.BEstelrich.AnimationFactory;
				PRODUCT_NAME = "$(TARGET_NAME)";
				SWIFT_VERSION = 5.0;
				TARGETED_DEVICE_FAMILY = "1,2";
			};
			name = Debug;
		};
		C9A7A56024DAF7FB00282729 /* Release */ = {
			isa = XCBuildConfiguration;
			buildSettings = {
				ASSETCATALOG_COMPILER_APPICON_NAME = AppIcon;
				CODE_SIGN_STYLE = Automatic;
				INFOPLIST_FILE = "AnimationFactory/Supporting files/Info.plist";
				LD_RUNPATH_SEARCH_PATHS = (
					"$(inherited)",
					"@executable_path/Frameworks",
				);
				PRODUCT_BUNDLE_IDENTIFIER = com.BEstelrich.AnimationFactory;
				PRODUCT_NAME = "$(TARGET_NAME)";
				SWIFT_VERSION = 5.0;
				TARGETED_DEVICE_FAMILY = "1,2";
			};
			name = Release;
		};
/* End XCBuildConfiguration section */

/* Begin XCConfigurationList section */
		C9A7A54524DAF7FA00282729 /* Build configuration list for PBXProject "AnimationFactory" */ = {
			isa = XCConfigurationList;
			buildConfigurations = (
				C9A7A55C24DAF7FB00282729 /* Debug */,
				C9A7A55D24DAF7FB00282729 /* Release */,
			);
			defaultConfigurationIsVisible = 0;
			defaultConfigurationName = Release;
		};
		C9A7A55E24DAF7FB00282729 /* Build configuration list for PBXNativeTarget "AnimationFactory" */ = {
			isa = XCConfigurationList;
			buildConfigurations = (
				C9A7A55F24DAF7FB00282729 /* Debug */,
				C9A7A56024DAF7FB00282729 /* Release */,
			);
			defaultConfigurationIsVisible = 0;
			defaultConfigurationName = Release;
		};
/* End XCConfigurationList section */
	};
	rootObject = C9A7A54224DAF7FA00282729 /* Project object */;
}
